{
    "version": 3,
    "terraform_version": "0.11.11",
    "serial": 4,
    "lineage": "fd630392-1187-7bcb-28c1-5f40d2245cb2",
    "modules": [
        {
            "path": [
                "root"
            ],
            "outputs": {
                "master_ip": {
                    "sensitive": false,
                    "type": "string",
                    "value": "13.58.163.152"
                },
                "master_local_ip": {
                    "sensitive": false,
                    "type": "string",
                    "value": "172.31.30.206"
                },
                "worker_ips": {
                    "sensitive": false,
                    "type": "list",
                    "value": [
                        "18.223.101.34",
                        "13.59.50.65"
                    ]
                },
                "worker_local_ips": {
                    "sensitive": false,
                    "type": "list",
                    "value": [
                        "172.31.25.248",
                        "172.31.28.79"
                    ]
                }
            },
            "resources": {
                "aws_instance.kbs-master": {
                    "type": "aws_instance",
                    "depends_on": [
                        "aws_security_group.cluster_sg"
                    ],
                    "primary": {
                        "id": "i-08f5480478dae8c07",
                        "attributes": {
                            "ami": "ami-0d5d9d301c853a04a",
                            "arn": "arn:aws:ec2:us-east-2:760729858344:instance/i-08f5480478dae8c07",
                            "associate_public_ip_address": "true",
                            "availability_zone": "us-east-2b",
                            "cpu_core_count": "1",
                            "cpu_threads_per_core": "1",
                            "credit_specification.#": "1",
                            "credit_specification.0.cpu_credits": "standard",
                            "disable_api_termination": "false",
                            "ebs_block_device.#": "0",
                            "ebs_optimized": "false",
                            "ephemeral_block_device.#": "0",
                            "get_password_data": "false",
                            "iam_instance_profile": "",
                            "id": "i-08f5480478dae8c07",
                            "instance_state": "running",
                            "instance_type": "t2.micro",
                            "ipv6_address_count": "0",
                            "ipv6_addresses.#": "0",
                            "key_name": "amiuser",
                            "monitoring": "false",
                            "network_interface.#": "0",
                            "password_data": "",
                            "placement_group": "",
                            "primary_network_interface_id": "eni-007689d7b9c681e46",
                            "private_dns": "ip-172-31-30-206.us-east-2.compute.internal",
                            "private_ip": "172.31.30.206",
                            "public_dns": "ec2-13-58-163-152.us-east-2.compute.amazonaws.com",
                            "public_ip": "13.58.163.152",
                            "root_block_device.#": "1",
                            "root_block_device.0.delete_on_termination": "true",
                            "root_block_device.0.encrypted": "false",
                            "root_block_device.0.iops": "100",
                            "root_block_device.0.kms_key_id": "",
                            "root_block_device.0.volume_id": "vol-01bcca0e5375bdfe8",
                            "root_block_device.0.volume_size": "8",
                            "root_block_device.0.volume_type": "gp2",
                            "security_groups.#": "1",
                            "security_groups.2355185522": "terraform-20191123140650234100000001",
                            "source_dest_check": "true",
                            "subnet_id": "subnet-e8336f92",
                            "tags.%": "3",
                            "tags.App": "kbscluster",
                            "tags.Name": "kbs-master",
                            "tags.k8srole": "master",
                            "tenancy": "default",
                            "volume_tags.%": "0",
                            "vpc_security_group_ids.#": "1",
                            "vpc_security_group_ids.2952624546": "sg-08ea866ade6fc4275"
                        },
                        "meta": {
                            "e2bfb730-ecaa-11e6-8f88-34363bc7c4c0": {
                                "create": 600000000000,
                                "delete": 1200000000000,
                                "update": 600000000000
                            },
                            "schema_version": "1"
                        },
                        "tainted": false
                    },
                    "deposed": [],
                    "provider": "provider.aws"
                },
                "aws_instance.kbs-worker.0": {
                    "type": "aws_instance",
                    "depends_on": [
                        "aws_instance.kbs-master",
                        "aws_security_group.cluster_sg"
                    ],
                    "primary": {
                        "id": "i-0d8a2ed9a3aa90572",
                        "attributes": {
                            "ami": "ami-0d5d9d301c853a04a",
                            "arn": "arn:aws:ec2:us-east-2:760729858344:instance/i-0d8a2ed9a3aa90572",
                            "associate_public_ip_address": "true",
                            "availability_zone": "us-east-2b",
                            "cpu_core_count": "1",
                            "cpu_threads_per_core": "1",
                            "credit_specification.#": "1",
                            "credit_specification.0.cpu_credits": "standard",
                            "disable_api_termination": "false",
                            "ebs_block_device.#": "0",
                            "ebs_optimized": "false",
                            "ephemeral_block_device.#": "0",
                            "get_password_data": "false",
                            "iam_instance_profile": "",
                            "id": "i-0d8a2ed9a3aa90572",
                            "instance_state": "running",
                            "instance_type": "t2.micro",
                            "ipv6_address_count": "0",
                            "ipv6_addresses.#": "0",
                            "key_name": "amiuser",
                            "monitoring": "false",
                            "network_interface.#": "0",
                            "password_data": "",
                            "placement_group": "",
                            "primary_network_interface_id": "eni-0cf0bcb978afd6ecc",
                            "private_dns": "ip-172-31-25-248.us-east-2.compute.internal",
                            "private_ip": "172.31.25.248",
                            "public_dns": "ec2-18-223-101-34.us-east-2.compute.amazonaws.com",
                            "public_ip": "18.223.101.34",
                            "root_block_device.#": "1",
                            "root_block_device.0.delete_on_termination": "true",
                            "root_block_device.0.encrypted": "false",
                            "root_block_device.0.iops": "100",
                            "root_block_device.0.kms_key_id": "",
                            "root_block_device.0.volume_id": "vol-0d1f5deecbd3c8ea2",
                            "root_block_device.0.volume_size": "8",
                            "root_block_device.0.volume_type": "gp2",
                            "security_groups.#": "1",
                            "security_groups.2355185522": "terraform-20191123140650234100000001",
                            "source_dest_check": "true",
                            "subnet_id": "subnet-e8336f92",
                            "tags.%": "3",
                            "tags.App": "kbscluster",
                            "tags.Name": "kbs-worker",
                            "tags.k8srole": "worker",
                            "tenancy": "default",
                            "volume_tags.%": "0",
                            "vpc_security_group_ids.#": "1",
                            "vpc_security_group_ids.2952624546": "sg-08ea866ade6fc4275"
                        },
                        "meta": {
                            "e2bfb730-ecaa-11e6-8f88-34363bc7c4c0": {
                                "create": 600000000000,
                                "delete": 1200000000000,
                                "update": 600000000000
                            },
                            "schema_version": "1"
                        },
                        "tainted": false
                    },
                    "deposed": [],
                    "provider": "provider.aws"
                },
                "aws_instance.kbs-worker.1": {
                    "type": "aws_instance",
                    "depends_on": [
                        "aws_instance.kbs-master",
                        "aws_security_group.cluster_sg"
                    ],
                    "primary": {
                        "id": "i-0033ef06073f8e66a",
                        "attributes": {
                            "ami": "ami-0d5d9d301c853a04a",
                            "arn": "arn:aws:ec2:us-east-2:760729858344:instance/i-0033ef06073f8e66a",
                            "associate_public_ip_address": "true",
                            "availability_zone": "us-east-2b",
                            "cpu_core_count": "1",
                            "cpu_threads_per_core": "1",
                            "credit_specification.#": "1",
                            "credit_specification.0.cpu_credits": "standard",
                            "disable_api_termination": "false",
                            "ebs_block_device.#": "0",
                            "ebs_optimized": "false",
                            "ephemeral_block_device.#": "0",
                            "get_password_data": "false",
                            "iam_instance_profile": "",
                            "id": "i-0033ef06073f8e66a",
                            "instance_state": "running",
                            "instance_type": "t2.micro",
                            "ipv6_address_count": "0",
                            "ipv6_addresses.#": "0",
                            "key_name": "amiuser",
                            "monitoring": "false",
                            "network_interface.#": "0",
                            "password_data": "",
                            "placement_group": "",
                            "primary_network_interface_id": "eni-0dddefb7e92b038d7",
                            "private_dns": "ip-172-31-28-79.us-east-2.compute.internal",
                            "private_ip": "172.31.28.79",
                            "public_dns": "ec2-13-59-50-65.us-east-2.compute.amazonaws.com",
                            "public_ip": "13.59.50.65",
                            "root_block_device.#": "1",
                            "root_block_device.0.delete_on_termination": "true",
                            "root_block_device.0.encrypted": "false",
                            "root_block_device.0.iops": "100",
                            "root_block_device.0.kms_key_id": "",
                            "root_block_device.0.volume_id": "vol-0ccaa6653d70804f5",
                            "root_block_device.0.volume_size": "8",
                            "root_block_device.0.volume_type": "gp2",
                            "security_groups.#": "1",
                            "security_groups.2355185522": "terraform-20191123140650234100000001",
                            "source_dest_check": "true",
                            "subnet_id": "subnet-e8336f92",
                            "tags.%": "3",
                            "tags.App": "kbscluster",
                            "tags.Name": "kbs-worker",
                            "tags.k8srole": "worker",
                            "tenancy": "default",
                            "volume_tags.%": "0",
                            "vpc_security_group_ids.#": "1",
                            "vpc_security_group_ids.2952624546": "sg-08ea866ade6fc4275"
                        },
                        "meta": {
                            "e2bfb730-ecaa-11e6-8f88-34363bc7c4c0": {
                                "create": 600000000000,
                                "delete": 1200000000000,
                                "update": 600000000000
                            },
                            "schema_version": "1"
                        },
                        "tainted": false
                    },
                    "deposed": [],
                    "provider": "provider.aws"
                },
                "aws_security_group.cluster_sg": {
                    "type": "aws_security_group",
                    "depends_on": [],
                    "primary": {
                        "id": "sg-08ea866ade6fc4275",
                        "attributes": {
                            "arn": "arn:aws:ec2:us-east-2:760729858344:security-group/sg-08ea866ade6fc4275",
                            "description": "Managed by Terraform",
                            "egress.#": "0",
                            "id": "sg-08ea866ade6fc4275",
                            "ingress.#": "0",
                            "name": "terraform-20191123140650234100000001",
                            "owner_id": "760729858344",
                            "revoke_rules_on_delete": "false",
                            "tags.%": "0",
                            "vpc_id": "vpc-ba708fd1"
                        },
                        "meta": {
                            "e2bfb730-ecaa-11e6-8f88-34363bc7c4c0": {
                                "create": 600000000000,
                                "delete": 600000000000
                            },
                            "schema_version": "1"
                        },
                        "tainted": false
                    },
                    "deposed": [],
                    "provider": "provider.aws"
                },
                "aws_security_group_rule.allow_SG_any": {
                    "type": "aws_security_group_rule",
                    "depends_on": [
                        "aws_security_group.cluster_sg"
                    ],
                    "primary": {
                        "id": "sgrule-1976485075",
                        "attributes": {
                            "description": "Any from SG for Kbs Cluster",
                            "from_port": "0",
                            "id": "sgrule-1976485075",
                            "protocol": "-1",
                            "security_group_id": "sg-08ea866ade6fc4275",
                            "self": "true",
                            "to_port": "0",
                            "type": "ingress"
                        },
                        "meta": {
                            "schema_version": "2"
                        },
                        "tainted": false
                    },
                    "deposed": [],
                    "provider": "provider.aws"
                },
                "aws_security_group_rule.allow_all_egress": {
                    "type": "aws_security_group_rule",
                    "depends_on": [
                        "aws_security_group.cluster_sg"
                    ],
                    "primary": {
                        "id": "sgrule-3742143585",
                        "attributes": {
                            "cidr_blocks.#": "1",
                            "cidr_blocks.0": "0.0.0.0/0",
                            "description": "Outbound access to ANY",
                            "from_port": "0",
                            "id": "sgrule-3742143585",
                            "protocol": "-1",
                            "security_group_id": "sg-08ea866ade6fc4275",
                            "self": "false",
                            "to_port": "0",
                            "type": "egress"
                        },
                        "meta": {
                            "schema_version": "2"
                        },
                        "tainted": false
                    },
                    "deposed": [],
                    "provider": "provider.aws"
                },
                "aws_security_group_rule.allow_all_myip": {
                    "type": "aws_security_group_rule",
                    "depends_on": [
                        "aws_security_group.cluster_sg",
                        "data.external.myipaddr"
                    ],
                    "primary": {
                        "id": "sgrule-1310761205",
                        "attributes": {
                            "cidr_blocks.#": "1",
                            "cidr_blocks.0": "5.249.31.148/32",
                            "description": "Management Ports for Kbs Cluster",
                            "from_port": "0",
                            "id": "sgrule-1310761205",
                            "protocol": "-1",
                            "security_group_id": "sg-08ea866ade6fc4275",
                            "self": "false",
                            "to_port": "0",
                            "type": "ingress"
                        },
                        "meta": {
                            "schema_version": "2"
                        },
                        "tainted": false
                    },
                    "deposed": [],
                    "provider": "provider.aws"
                },
                "data.external.myipaddr": {
                    "type": "external",
                    "depends_on": [],
                    "primary": {
                        "id": "-",
                        "attributes": {
                            "id": "-",
                            "program.#": "3",
                            "program.0": "bash",
                            "program.1": "-c",
                            "program.2": "curl -s 'https://api.ipify.org?format=json'",
                            "result.%": "1",
                            "result.ip": "5.249.31.148"
                        },
                        "meta": {},
                        "tainted": false
                    },
                    "deposed": [],
                    "provider": "provider.external"
                }
            },
            "depends_on": []
        }
    ]
}
